
Microsoft Visual Studio Solution File, Format Version 12.00
# Visual Studio 15
VisualStudioVersion = 15.0.28307.572
MinimumVisualStudioVersion = 10.0.40219.1
Project("{888888A0-9F3D-457C-B088-3A5042F75D52}") = "Task 2A - Ackermann", "Task 2A - Ackermann\Task 2A - Ackermann.pyproj", "{C24EB138-46D4-4621-ACF6-26349541E07A}"
EndProject
Global
	GlobalSection(SolutionConfigurationPlatforms) = preSolution
		Debug|Any CPU = Debug|Any CPU
		Release|Any CPU = Release|Any CPU
	EndGlobalSection
	GlobalSection(ProjectConfigurationPlatforms) = postSolution
		{C24EB138-46D4-4621-ACF6-26349541E07A}.Debug|Any CPU.ActiveCfg = Debug|Any CPU
		{C24EB138-46D4-4621-ACF6-26349541E07A}.Release|Any CPU.ActiveCfg = Release|Any CPU
	EndGlobalSection
	GlobalSection(SolutionProperties) = preSolution
		HideSolutionNode = FALSE
	EndGlobalSection
	GlobalSection(ExtensibilityGlobals) = postSolution
		SolutionGuid = {4EE968D8-42FF-4D7E-97C5-98CEA7B21A4B}
	EndGlobalSection
EndGlobal
